// !$*UTF8*$!
{
	archiveVersion = 1;
	classes = {
	};
	objectVersion = 56;
	objects = {

/* Begin PBXBuildFile section */
		96018EC32978E422008639AF /* RMService.swift in Sources */ = {isa = PBXBuildFile; fileRef = 96018EC22978E422008639AF /* RMService.swift */; };
		96018EC52978E433008639AF /* RMRequest.swift in Sources */ = {isa = PBXBuildFile; fileRef = 96018EC42978E433008639AF /* RMRequest.swift */; };
		96018EC72978E52E008639AF /* RMEndpoint.swift in Sources */ = {isa = PBXBuildFile; fileRef = 96018EC62978E52E008639AF /* RMEndpoint.swift */; };
		96018EC929791750008639AF /* RMOrigin.swift in Sources */ = {isa = PBXBuildFile; fileRef = 96018EC829791750008639AF /* RMOrigin.swift */; };
		96018ECB297917AD008639AF /* RMSingleLocation.swift in Sources */ = {isa = PBXBuildFile; fileRef = 96018ECA297917AD008639AF /* RMSingleLocation.swift */; };
		96018ECD2979188D008639AF /* RMCharacterStatus.swift in Sources */ = {isa = PBXBuildFile; fileRef = 96018ECC2979188D008639AF /* RMCharacterStatus.swift */; };
		96018ECF297918B4008639AF /* RMCharacterGender.swift in Sources */ = {isa = PBXBuildFile; fileRef = 96018ECE297918B4008639AF /* RMCharacterGender.swift */; };
		963FB4CF29780AA200827F08 /* AppDelegate.swift in Sources */ = {isa = PBXBuildFile; fileRef = 963FB4CE29780AA200827F08 /* AppDelegate.swift */; };
		963FB4D129780AA200827F08 /* SceneDelegate.swift in Sources */ = {isa = PBXBuildFile; fileRef = 963FB4D029780AA200827F08 /* SceneDelegate.swift */; };
		963FB4D329780AA200827F08 /* RMTabBarController.swift in Sources */ = {isa = PBXBuildFile; fileRef = 963FB4D229780AA200827F08 /* RMTabBarController.swift */; };
		963FB4D829780AA500827F08 /* Assets.xcassets in Resources */ = {isa = PBXBuildFile; fileRef = 963FB4D729780AA500827F08 /* Assets.xcassets */; };
		963FB4DB29780AA500827F08 /* LaunchScreen.storyboard in Resources */ = {isa = PBXBuildFile; fileRef = 963FB4D929780AA500827F08 /* LaunchScreen.storyboard */; };
		963FB4EA29780EA600827F08 /* RMLocation.swift in Sources */ = {isa = PBXBuildFile; fileRef = 963FB4E929780EA600827F08 /* RMLocation.swift */; };
		963FB4EC29780EAD00827F08 /* RMCharacter.swift in Sources */ = {isa = PBXBuildFile; fileRef = 963FB4EB29780EAD00827F08 /* RMCharacter.swift */; };
		963FB4EE29780EB400827F08 /* RMEpisode.swift in Sources */ = {isa = PBXBuildFile; fileRef = 963FB4ED29780EB400827F08 /* RMEpisode.swift */; };
		963FB4F129780F2900827F08 /* RMCharacterViewController.swift in Sources */ = {isa = PBXBuildFile; fileRef = 963FB4F029780F2900827F08 /* RMCharacterViewController.swift */; };
		963FB4F329780F3200827F08 /* RMLocationViewController.swift in Sources */ = {isa = PBXBuildFile; fileRef = 963FB4F229780F3200827F08 /* RMLocationViewController.swift */; };
		963FB4F529780F3B00827F08 /* RMEpisodeViewController.swift in Sources */ = {isa = PBXBuildFile; fileRef = 963FB4F429780F3B00827F08 /* RMEpisodeViewController.swift */; };
		963FB4F729780F4B00827F08 /* RMSettingsViewController.swift in Sources */ = {isa = PBXBuildFile; fileRef = 963FB4F629780F4B00827F08 /* RMSettingsViewController.swift */; };
/* End PBXBuildFile section */

/* Begin PBXFileReference section */
		96018EC22978E422008639AF /* RMService.swift */ = {isa = PBXFileReference; lastKnownFileType = sourcecode.swift; path = RMService.swift; sourceTree = "<group>"; };
		96018EC42978E433008639AF /* RMRequest.swift */ = {isa = PBXFileReference; lastKnownFileType = sourcecode.swift; path = RMRequest.swift; sourceTree = "<group>"; };
		96018EC62978E52E008639AF /* RMEndpoint.swift */ = {isa = PBXFileReference; lastKnownFileType = sourcecode.swift; path = RMEndpoint.swift; sourceTree = "<group>"; };
		96018EC829791750008639AF /* RMOrigin.swift */ = {isa = PBXFileReference; lastKnownFileType = sourcecode.swift; path = RMOrigin.swift; sourceTree = "<group>"; };
		96018ECA297917AD008639AF /* RMSingleLocation.swift */ = {isa = PBXFileReference; lastKnownFileType = sourcecode.swift; path = RMSingleLocation.swift; sourceTree = "<group>"; };
		96018ECC2979188D008639AF /* RMCharacterStatus.swift */ = {isa = PBXFileReference; lastKnownFileType = sourcecode.swift; path = RMCharacterStatus.swift; sourceTree = "<group>"; };
		96018ECE297918B4008639AF /* RMCharacterGender.swift */ = {isa = PBXFileReference; lastKnownFileType = sourcecode.swift; path = RMCharacterGender.swift; sourceTree = "<group>"; };
		963FB4CB29780AA200827F08 /* RickAndMorty.app */ = {isa = PBXFileReference; explicitFileType = wrapper.application; includeInIndex = 0; path = RickAndMorty.app; sourceTree = BUILT_PRODUCTS_DIR; };
		963FB4CE29780AA200827F08 /* AppDelegate.swift */ = {isa = PBXFileReference; lastKnownFileType = sourcecode.swift; path = AppDelegate.swift; sourceTree = "<group>"; };
		963FB4D029780AA200827F08 /* SceneDelegate.swift */ = {isa = PBXFileReference; lastKnownFileType = sourcecode.swift; path = SceneDelegate.swift; sourceTree = "<group>"; };
		963FB4D229780AA200827F08 /* RMTabBarController.swift */ = {isa = PBXFileReference; lastKnownFileType = sourcecode.swift; path = RMTabBarController.swift; sourceTree = "<group>"; };
		963FB4D729780AA500827F08 /* Assets.xcassets */ = {isa = PBXFileReference; lastKnownFileType = folder.assetcatalog; path = Assets.xcassets; sourceTree = "<group>"; };
		963FB4DA29780AA500827F08 /* Base */ = {isa = PBXFileReference; lastKnownFileType = file.storyboard; name = Base; path = Base.lproj/LaunchScreen.storyboard; sourceTree = "<group>"; };
		963FB4DC29780AA500827F08 /* Info.plist */ = {isa = PBXFileReference; lastKnownFileType = text.plist.xml; path = Info.plist; sourceTree = "<group>"; };
		963FB4E929780EA600827F08 /* RMLocation.swift */ = {isa = PBXFileReference; lastKnownFileType = sourcecode.swift; path = RMLocation.swift; sourceTree = "<group>"; };
		963FB4EB29780EAD00827F08 /* RMCharacter.swift */ = {isa = PBXFileReference; lastKnownFileType = sourcecode.swift; path = RMCharacter.swift; sourceTree = "<group>"; };
		963FB4ED29780EB400827F08 /* RMEpisode.swift */ = {isa = PBXFileReference; lastKnownFileType = sourcecode.swift; path = RMEpisode.swift; sourceTree = "<group>"; };
		963FB4F029780F2900827F08 /* RMCharacterViewController.swift */ = {isa = PBXFileReference; lastKnownFileType = sourcecode.swift; path = RMCharacterViewController.swift; sourceTree = "<group>"; };
		963FB4F229780F3200827F08 /* RMLocationViewController.swift */ = {isa = PBXFileReference; lastKnownFileType = sourcecode.swift; path = RMLocationViewController.swift; sourceTree = "<group>"; };
		963FB4F429780F3B00827F08 /* RMEpisodeViewController.swift */ = {isa = PBXFileReference; lastKnownFileType = sourcecode.swift; path = RMEpisodeViewController.swift; sourceTree = "<group>"; };
		963FB4F629780F4B00827F08 /* RMSettingsViewController.swift */ = {isa = PBXFileReference; lastKnownFileType = sourcecode.swift; path = RMSettingsViewController.swift; sourceTree = "<group>"; };
/* End PBXFileReference section */

/* Begin PBXFrameworksBuildPhase section */
		963FB4C829780AA200827F08 /* Frameworks */ = {
			isa = PBXFrameworksBuildPhase;
			buildActionMask = 2147483647;
			files = (
			);
			runOnlyForDeploymentPostprocessing = 0;
		};
/* End PBXFrameworksBuildPhase section */

/* Begin PBXGroup section */
		963FB4C229780AA200827F08 = {
			isa = PBXGroup;
			children = (
				963FB4CD29780AA200827F08 /* RickAndMorty */,
				963FB4CC29780AA200827F08 /* Products */,
			);
			sourceTree = "<group>";
		};
		963FB4CC29780AA200827F08 /* Products */ = {
			isa = PBXGroup;
			children = (
				963FB4CB29780AA200827F08 /* RickAndMorty.app */,
			);
			name = Products;
			sourceTree = "<group>";
		};
		963FB4CD29780AA200827F08 /* RickAndMorty */ = {
			isa = PBXGroup;
			children = (
				963FB4E829780D6D00827F08 /* Resources */,
				963FB4E729780D6800827F08 /* Managers */,
				963FB4E629780D6100827F08 /* APIClient */,
				963FB4E529780D5600827F08 /* ViewModels */,
				963FB4E429780D5000827F08 /* Views */,
				963FB4E329780D4C00827F08 /* Models */,
				963FB4E229780D4300827F08 /* Controllers */,
				963FB4DC29780AA500827F08 /* Info.plist */,
			);
			path = RickAndMorty;
			sourceTree = "<group>";
		};
		963FB4E229780D4300827F08 /* Controllers */ = {
			isa = PBXGroup;
			children = (
				963FB4EF29780F0F00827F08 /* Core */,
			);
			path = Controllers;
			sourceTree = "<group>";
		};
		963FB4E329780D4C00827F08 /* Models */ = {
			isa = PBXGroup;
			children = (
				963FB4E929780EA600827F08 /* RMLocation.swift */,
				963FB4EB29780EAD00827F08 /* RMCharacter.swift */,
				963FB4ED29780EB400827F08 /* RMEpisode.swift */,
				96018EC829791750008639AF /* RMOrigin.swift */,
				96018ECA297917AD008639AF /* RMSingleLocation.swift */,
				96018ECC2979188D008639AF /* RMCharacterStatus.swift */,
				96018ECE297918B4008639AF /* RMCharacterGender.swift */,
			);
			path = Models;
			sourceTree = "<group>";
		};
		963FB4E429780D5000827F08 /* Views */ = {
			isa = PBXGroup;
			children = (
			);
			path = Views;
			sourceTree = "<group>";
		};
		963FB4E529780D5600827F08 /* ViewModels */ = {
			isa = PBXGroup;
			children = (
			);
			path = ViewModels;
			sourceTree = "<group>";
		};
		963FB4E629780D6100827F08 /* APIClient */ = {
			isa = PBXGroup;
			children = (
				96018EC22978E422008639AF /* RMService.swift */,
				96018EC42978E433008639AF /* RMRequest.swift */,
				96018EC62978E52E008639AF /* RMEndpoint.swift */,
			);
			path = APIClient;
			sourceTree = "<group>";
		};
		963FB4E729780D6800827F08 /* Managers */ = {
			isa = PBXGroup;
			children = (
			);
			path = Managers;
			sourceTree = "<group>";
		};
		963FB4E829780D6D00827F08 /* Resources */ = {
			isa = PBXGroup;
			children = (
				963FB4D729780AA500827F08 /* Assets.xcassets */,
				963FB4D929780AA500827F08 /* LaunchScreen.storyboard */,
				963FB4CE29780AA200827F08 /* AppDelegate.swift */,
				963FB4D029780AA200827F08 /* SceneDelegate.swift */,
			);
			path = Resources;
			sourceTree = "<group>";
		};
		963FB4EF29780F0F00827F08 /* Core */ = {
			isa = PBXGroup;
			children = (
				963FB4D229780AA200827F08 /* RMTabBarController.swift */,
				963FB4F029780F2900827F08 /* RMCharacterViewController.swift */,
				963FB4F229780F3200827F08 /* RMLocationViewController.swift */,
				963FB4F429780F3B00827F08 /* RMEpisodeViewController.swift */,
				963FB4F629780F4B00827F08 /* RMSettingsViewController.swift */,
			);
			path = Core;
			sourceTree = "<group>";
		};
/* End PBXGroup section */

/* Begin PBXNativeTarget section */
		963FB4CA29780AA200827F08 /* RickAndMorty */ = {
			isa = PBXNativeTarget;
			buildConfigurationList = 963FB4DF29780AA500827F08 /* Build configuration list for PBXNativeTarget "RickAndMorty" */;
			buildPhases = (
				963FB4C729780AA200827F08 /* Sources */,
				963FB4C829780AA200827F08 /* Frameworks */,
				963FB4C929780AA200827F08 /* Resources */,
			);
			buildRules = (
			);
			dependencies = (
			);
			name = RickAndMorty;
			productName = RickAndMorty;
			productReference = 963FB4CB29780AA200827F08 /* RickAndMorty.app */;
			productType = "com.apple.product-type.application";
		};
/* End PBXNativeTarget section */

/* Begin PBXProject section */
		963FB4C329780AA200827F08 /* Project object */ = {
			isa = PBXProject;
			attributes = {
				BuildIndependentTargetsInParallel = 1;
				LastSwiftUpdateCheck = 1410;
				LastUpgradeCheck = 1410;
				TargetAttributes = {
					963FB4CA29780AA200827F08 = {
						CreatedOnToolsVersion = 14.1;
					};
				};
			};
			buildConfigurationList = 963FB4C629780AA200827F08 /* Build configuration list for PBXProject "RickAndMorty" */;
			compatibilityVersion = "Xcode 14.0";
			developmentRegion = en;
			hasScannedForEncodings = 0;
			knownRegions = (
				en,
				Base,
			);
			mainGroup = 963FB4C229780AA200827F08;
			productRefGroup = 963FB4CC29780AA200827F08 /* Products */;
			projectDirPath = "";
			projectRoot = "";
			targets = (
				963FB4CA29780AA200827F08 /* RickAndMorty */,
			);
		};
/* End PBXProject section */

/* Begin PBXResourcesBuildPhase section */
		963FB4C929780AA200827F08 /* Resources */ = {
			isa = PBXResourcesBuildPhase;
			buildActionMask = 2147483647;
			files = (
				963FB4DB29780AA500827F08 /* LaunchScreen.storyboard in Resources */,
				963FB4D829780AA500827F08 /* Assets.xcassets in Resources */,
			);
			runOnlyForDeploymentPostprocessing = 0;
		};
/* End PBXResourcesBuildPhase section */

/* Begin PBXSourcesBuildPhase section */
		963FB4C729780AA200827F08 /* Sources */ = {
			isa = PBXSourcesBuildPhase;
			buildActionMask = 2147483647;
			files = (
				96018EC929791750008639AF /* RMOrigin.swift in Sources */,
				96018ECB297917AD008639AF /* RMSingleLocation.swift in Sources */,
				96018ECD2979188D008639AF /* RMCharacterStatus.swift in Sources */,
				96018ECF297918B4008639AF /* RMCharacterGender.swift in Sources */,
				963FB4F329780F3200827F08 /* RMLocationViewController.swift in Sources */,
				963FB4EE29780EB400827F08 /* RMEpisode.swift in Sources */,
				963FB4D329780AA200827F08 /* RMTabBarController.swift in Sources */,
				963FB4F529780F3B00827F08 /* RMEpisodeViewController.swift in Sources */,
				963FB4CF29780AA200827F08 /* AppDelegate.swift in Sources */,
				963FB4D129780AA200827F08 /* SceneDelegate.swift in Sources */,
				963FB4F729780F4B00827F08 /* RMSettingsViewController.swift in Sources */,
				96018EC32978E422008639AF /* RMService.swift in Sources */,
				963FB4EA29780EA600827F08 /* RMLocation.swift in Sources */,
				96018EC72978E52E008639AF /* RMEndpoint.swift in Sources */,
				963FB4EC29780EAD00827F08 /* RMCharacter.swift in Sources */,
				96018EC52978E433008639AF /* RMRequest.swift in Sources */,
				963FB4F129780F2900827F08 /* RMCharacterViewController.swift in Sources */,
			);
			runOnlyForDeploymentPostprocessing = 0;
		};
/* End PBXSourcesBuildPhase section */

/* Begin PBXVariantGroup section */
		963FB4D929780AA500827F08 /* LaunchScreen.storyboard */ = {
			isa = PBXVariantGroup;
			children = (
				963FB4DA29780AA500827F08 /* Base */,
			);
			name = LaunchScreen.storyboard;
			sourceTree = "<group>";
		};
/* End PBXVariantGroup section */

/* Begin XCBuildConfiguration section */
		963FB4DD29780AA500827F08 /* Debug */ = {
			isa = XCBuildConfiguration;
			buildSettings = {
				ALWAYS_SEARCH_USER_PATHS = NO;
				CLANG_ANALYZER_NONNULL = YES;
				CLANG_ANALYZER_NUMBER_OBJECT_CONVERSION = YES_AGGRESSIVE;
				CLANG_CXX_LANGUAGE_STANDARD = "gnu++20";
				CLANG_ENABLE_MODULES = YES;
				CLANG_ENABLE_OBJC_ARC = YES;
				CLANG_ENABLE_OBJC_WEAK = YES;
				CLANG_WARN_BLOCK_CAPTURE_AUTORELEASING = YES;
				CLANG_WARN_BOOL_CONVERSION = YES;
				CLANG_WARN_COMMA = YES;
				CLANG_WARN_CONSTANT_CONVERSION = YES;
				CLANG_WARN_DEPRECATED_OBJC_IMPLEMENTATIONS = YES;
				CLANG_WARN_DIRECT_OBJC_ISA_USAGE = YES_ERROR;
				CLANG_WARN_DOCUMENTATION_COMMENTS = YES;
				CLANG_WARN_EMPTY_BODY = YES;
				CLANG_WARN_ENUM_CONVERSION = YES;
				CLANG_WARN_INFINITE_RECURSION = YES;
				CLANG_WARN_INT_CONVERSION = YES;
				CLANG_WARN_NON_LITERAL_NULL_CONVERSION = YES;
				CLANG_WARN_OBJC_IMPLICIT_RETAIN_SELF = YES;
				CLANG_WARN_OBJC_LITERAL_CONVERSION = YES;
				CLANG_WARN_OBJC_ROOT_CLASS = YES_ERROR;
				CLANG_WARN_QUOTED_INCLUDE_IN_FRAMEWORK_HEADER = YES;
				CLANG_WARN_RANGE_LOOP_ANALYSIS = YES;
				CLANG_WARN_STRICT_PROTOTYPES = YES;
				CLANG_WARN_SUSPICIOUS_MOVE = YES;
				CLANG_WARN_UNGUARDED_AVAILABILITY = YES_AGGRESSIVE;
				CLANG_WARN_UNREACHABLE_CODE = YES;
				CLANG_WARN__DUPLICATE_METHOD_MATCH = YES;
				COPY_PHASE_STRIP = NO;
				DEBUG_INFORMATION_FORMAT = dwarf;
				ENABLE_STRICT_OBJC_MSGSEND = YES;
				ENABLE_TESTABILITY = YES;
				GCC_C_LANGUAGE_STANDARD = gnu11;
				GCC_DYNAMIC_NO_PIC = NO;
				GCC_NO_COMMON_BLOCKS = YES;
				GCC_OPTIMIZATION_LEVEL = 0;
				GCC_PREPROCESSOR_DEFINITIONS = (
					"DEBUG=1",
					"$(inherited)",
				);
				GCC_WARN_64_TO_32_BIT_CONVERSION = YES;
				GCC_WARN_ABOUT_RETURN_TYPE = YES_ERROR;
				GCC_WARN_UNDECLARED_SELECTOR = YES;
				GCC_WARN_UNINITIALIZED_AUTOS = YES_AGGRESSIVE;
				GCC_WARN_UNUSED_FUNCTION = YES;
				GCC_WARN_UNUSED_VARIABLE = YES;
				IPHONEOS_DEPLOYMENT_TARGET = 16.1;
				MTL_ENABLE_DEBUG_INFO = INCLUDE_SOURCE;
				MTL_FAST_MATH = YES;
				ONLY_ACTIVE_ARCH = YES;
				SDKROOT = iphoneos;
				SWIFT_ACTIVE_COMPILATION_CONDITIONS = DEBUG;
				SWIFT_OPTIMIZATION_LEVEL = "-Onone";
			};
			name = Debug;
		};
		963FB4DE29780AA500827F08 /* Release */ = {
			isa = XCBuildConfiguration;
			buildSettings = {
				ALWAYS_SEARCH_USER_PATHS = NO;
				CLANG_ANALYZER_NONNULL = YES;
				CLANG_ANALYZER_NUMBER_OBJECT_CONVERSION = YES_AGGRESSIVE;
				CLANG_CXX_LANGUAGE_STANDARD = "gnu++20";
				CLANG_ENABLE_MODULES = YES;
				CLANG_ENABLE_OBJC_ARC = YES;
				CLANG_ENABLE_OBJC_WEAK = YES;
				CLANG_WARN_BLOCK_CAPTURE_AUTORELEASING = YES;
				CLANG_WARN_BOOL_CONVERSION = YES;
				CLANG_WARN_COMMA = YES;
				CLANG_WARN_CONSTANT_CONVERSION = YES;
				CLANG_WARN_DEPRECATED_OBJC_IMPLEMENTATIONS = YES;
				CLANG_WARN_DIRECT_OBJC_ISA_USAGE = YES_ERROR;
				CLANG_WARN_DOCUMENTATION_COMMENTS = YES;
				CLANG_WARN_EMPTY_BODY = YES;
				CLANG_WARN_ENUM_CONVERSION = YES;
				CLANG_WARN_INFINITE_RECURSION = YES;
				CLANG_WARN_INT_CONVERSION = YES;
				CLANG_WARN_NON_LITERAL_NULL_CONVERSION = YES;
				CLANG_WARN_OBJC_IMPLICIT_RETAIN_SELF = YES;
				CLANG_WARN_OBJC_LITERAL_CONVERSION = YES;
				CLANG_WARN_OBJC_ROOT_CLASS = YES_ERROR;
				CLANG_WARN_QUOTED_INCLUDE_IN_FRAMEWORK_HEADER = YES;
				CLANG_WARN_RANGE_LOOP_ANALYSIS = YES;
				CLANG_WARN_STRICT_PROTOTYPES = YES;
				CLANG_WARN_SUSPICIOUS_MOVE = YES;
				CLANG_WARN_UNGUARDED_AVAILABILITY = YES_AGGRESSIVE;
				CLANG_WARN_UNREACHABLE_CODE = YES;
				CLANG_WARN__DUPLICATE_METHOD_MATCH = YES;
				COPY_PHASE_STRIP = NO;
				DEBUG_INFORMATION_FORMAT = "dwarf-with-dsym";
				ENABLE_NS_ASSERTIONS = NO;
				ENABLE_STRICT_OBJC_MSGSEND = YES;
				GCC_C_LANGUAGE_STANDARD = gnu11;
				GCC_NO_COMMON_BLOCKS = YES;
				GCC_WARN_64_TO_32_BIT_CONVERSION = YES;
				GCC_WARN_ABOUT_RETURN_TYPE = YES_ERROR;
				GCC_WARN_UNDECLARED_SELECTOR = YES;
				GCC_WARN_UNINITIALIZED_AUTOS = YES_AGGRESSIVE;
				GCC_WARN_UNUSED_FUNCTION = YES;
				GCC_WARN_UNUSED_VARIABLE = YES;
				IPHONEOS_DEPLOYMENT_TARGET = 16.1;
				MTL_ENABLE_DEBUG_INFO = NO;
				MTL_FAST_MATH = YES;
				SDKROOT = iphoneos;
				SWIFT_COMPILATION_MODE = wholemodule;
				SWIFT_OPTIMIZATION_LEVEL = "-O";
				VALIDATE_PRODUCT = YES;
			};
			name = Release;
		};
		963FB4E029780AA500827F08 /* Debug */ = {
			isa = XCBuildConfiguration;
			buildSettings = {
				ASSETCATALOG_COMPILER_APPICON_NAME = AppIcon;
				ASSETCATALOG_COMPILER_GLOBAL_ACCENT_COLOR_NAME = AccentColor;
				CODE_SIGN_STYLE = Automatic;
				CURRENT_PROJECT_VERSION = 1;
				DEVELOPMENT_TEAM = N348GACX8T;
				GENERATE_INFOPLIST_FILE = YES;
				INFOPLIST_FILE = RickAndMorty/Info.plist;
				INFOPLIST_KEY_UIApplicationSupportsIndirectInputEvents = YES;
				INFOPLIST_KEY_UILaunchStoryboardName = LaunchScreen;
				INFOPLIST_KEY_UISupportedInterfaceOrientations_iPad = "UIInterfaceOrientationPortrait UIInterfaceOrientationPortraitUpsideDown UIInterfaceOrientationLandscapeLeft UIInterfaceOrientationLandscapeRight";
				INFOPLIST_KEY_UISupportedInterfaceOrientations_iPhone = "UIInterfaceOrientationPortrait UIInterfaceOrientationLandscapeLeft UIInterfaceOrientationLandscapeRight";
				LD_RUNPATH_SEARCH_PATHS = (
					"$(inherited)",
					"@executable_path/Frameworks",
				);
				MARKETING_VERSION = 1.0;
				PRODUCT_BUNDLE_IDENTIFIER = com.shivamrishi.RickAndMorty;
				PRODUCT_NAME = "$(TARGET_NAME)";
				SUPPORTED_PLATFORMS = "iphoneos iphonesimulator";
				SUPPORTS_MACCATALYST = NO;
				SUPPORTS_MAC_DESIGNED_FOR_IPHONE_IPAD = NO;
				SWIFT_EMIT_LOC_STRINGS = YES;
				SWIFT_VERSION = 5.0;
				TARGETED_DEVICE_FAMILY = "1,2";
			};
			name = Debug;
		};
		963FB4E129780AA500827F08 /* Release */ = {
			isa = XCBuildConfiguration;
			buildSettings = {
				ASSETCATALOG_COMPILER_APPICON_NAME = AppIcon;
				ASSETCATALOG_COMPILER_GLOBAL_ACCENT_COLOR_NAME = AccentColor;
				CODE_SIGN_STYLE = Automatic;
				CURRENT_PROJECT_VERSION = 1;
				DEVELOPMENT_TEAM = N348GACX8T;
				GENERATE_INFOPLIST_FILE = YES;
				INFOPLIST_FILE = RickAndMorty/Info.plist;
				INFOPLIST_KEY_UIApplicationSupportsIndirectInputEvents = YES;
				INFOPLIST_KEY_UILaunchStoryboardName = LaunchScreen;
				INFOPLIST_KEY_UISupportedInterfaceOrientations_iPad = "UIInterfaceOrientationPortrait UIInterfaceOrientationPortraitUpsideDown UIInterfaceOrientationLandscapeLeft UIInterfaceOrientationLandscapeRight";
				INFOPLIST_KEY_UISupportedInterfaceOrientations_iPhone = "UIInterfaceOrientationPortrait UIInterfaceOrientationLandscapeLeft UIInterfaceOrientationLandscapeRight";
				LD_RUNPATH_SEARCH_PATHS = (
					"$(inherited)",
					"@executable_path/Frameworks",
				);
				MARKETING_VERSION = 1.0;
				PRODUCT_BUNDLE_IDENTIFIER = com.shivamrishi.RickAndMorty;
				PRODUCT_NAME = "$(TARGET_NAME)";
				SUPPORTED_PLATFORMS = "iphoneos iphonesimulator";
				SUPPORTS_MACCATALYST = NO;
				SUPPORTS_MAC_DESIGNED_FOR_IPHONE_IPAD = NO;
				SWIFT_EMIT_LOC_STRINGS = YES;
				SWIFT_VERSION = 5.0;
				TARGETED_DEVICE_FAMILY = "1,2";
			};
			name = Release;
		};
/* End XCBuildConfiguration section */

/* Begin XCConfigurationList section */
		963FB4C629780AA200827F08 /* Build configuration list for PBXProject "RickAndMorty" */ = {
			isa = XCConfigurationList;
			buildConfigurations = (
				963FB4DD29780AA500827F08 /* Debug */,
				963FB4DE29780AA500827F08 /* Release */,
			);
			defaultConfigurationIsVisible = 0;
			defaultConfigurationName = Release;
		};
		963FB4DF29780AA500827F08 /* Build configuration list for PBXNativeTarget "RickAndMorty" */ = {
			isa = XCConfigurationList;
			buildConfigurations = (
				963FB4E029780AA500827F08 /* Debug */,
				963FB4E129780AA500827F08 /* Release */,
			);
			defaultConfigurationIsVisible = 0;
			defaultConfigurationName = Release;
		};
/* End XCConfigurationList section */
	};
	rootObject = 963FB4C329780AA200827F08 /* Project object */;
}
